// !$*UTF8*$!
{
	archiveVersion = 1;
	classes = {
	};
	objectVersion = 51;
	objects = {

/* Begin PBXBuildFile section */
		69FE0466156E6080CFBF7635 /* Pods_SSTayactive_2.framework in Frameworks */ = {isa = PBXBuildFile; fileRef = A35B721949EBAC08557E7323 /* Pods_SSTayactive_2.framework */; };
		85BDA945AA219E2461888D5B /* Pods_SSTayactive_2_SSTayactive_2UITests.framework in Frameworks */ = {isa = PBXBuildFile; fileRef = D9779A2A393BFC4F2421DDB1 /* Pods_SSTayactive_2_SSTayactive_2UITests.framework */; };
		87E5E2FFE6C66AB1CFC169B6 /* Pods_SSTayactive_2Tests.framework in Frameworks */ = {isa = PBXBuildFile; fileRef = 32A1CFAED0547CC0DB369F3F /* Pods_SSTayactive_2Tests.framework */; };
		B128A14725820123007DE921 /* WalkerViewController.swift in Sources */ = {isa = PBXBuildFile; fileRef = B128A14625820123007DE921 /* WalkerViewController.swift */; };
		B1BF71F6257E170D0034E715 /* ShopViewController.swift in Sources */ = {isa = PBXBuildFile; fileRef = B1BF71F5257E170D0034E715 /* ShopViewController.swift */; };
		B1BF71FB257E1AAE0034E715 /* InventoryViewController.swift in Sources */ = {isa = PBXBuildFile; fileRef = B1BF71FA257E1AAE0034E715 /* InventoryViewController.swift */; };
		B1BF71FF257E35750034E715 /* ProfileViewController.swift in Sources */ = {isa = PBXBuildFile; fileRef = B1BF71FE257E35750034E715 /* ProfileViewController.swift */; };
		B1C61846257D12A000DD9FC5 /* AppDelegate.swift in Sources */ = {isa = PBXBuildFile; fileRef = B1C61845257D12A000DD9FC5 /* AppDelegate.swift */; };
		B1C61848257D12A000DD9FC5 /* SceneDelegate.swift in Sources */ = {isa = PBXBuildFile; fileRef = B1C61847257D12A000DD9FC5 /* SceneDelegate.swift */; };
		B1C6184A257D12A000DD9FC5 /* ViewController.swift in Sources */ = {isa = PBXBuildFile; fileRef = B1C61849257D12A000DD9FC5 /* ViewController.swift */; };
		B1C6184D257D12A000DD9FC5 /* Main.storyboard in Resources */ = {isa = PBXBuildFile; fileRef = B1C6184B257D12A000DD9FC5 /* Main.storyboard */; };
		B1C6184F257D12A200DD9FC5 /* Assets.xcassets in Resources */ = {isa = PBXBuildFile; fileRef = B1C6184E257D12A200DD9FC5 /* Assets.xcassets */; };
		B1C61852257D12A200DD9FC5 /* LaunchScreen.storyboard in Resources */ = {isa = PBXBuildFile; fileRef = B1C61850257D12A200DD9FC5 /* LaunchScreen.storyboard */; };
		B1C6185D257D12A200DD9FC5 /* SSTayactive_2Tests.swift in Sources */ = {isa = PBXBuildFile; fileRef = B1C6185C257D12A200DD9FC5 /* SSTayactive_2Tests.swift */; };
		B1C61868257D12A200DD9FC5 /* SSTayactive_2UITests.swift in Sources */ = {isa = PBXBuildFile; fileRef = B1C61867257D12A200DD9FC5 /* SSTayactive_2UITests.swift */; };
		B1C61876257D16A200DD9FC5 /* ContentpageViewController.swift in Sources */ = {isa = PBXBuildFile; fileRef = B1C61875257D16A200DD9FC5 /* ContentpageViewController.swift */; };
		B1C61878257D173600DD9FC5 /* PasswordViewController.swift in Sources */ = {isa = PBXBuildFile; fileRef = B1C61877257D173600DD9FC5 /* PasswordViewController.swift */; };
		B1C6187C257D18A700DD9FC5 /* Data.swift in Sources */ = {isa = PBXBuildFile; fileRef = B1C6187B257D18A700DD9FC5 /* Data.swift */; };
		B1C6187E257D1B6D00DD9FC5 /* ShakerViewController.swift in Sources */ = {isa = PBXBuildFile; fileRef = B1C6187D257D1B6D00DD9FC5 /* ShakerViewController.swift */; };
		FA886FC025C4FD790041142F /* GoogleService-Info.plist in Resources */ = {isa = PBXBuildFile; fileRef = FA886FBF25C4FD790041142F /* GoogleService-Info.plist */; };
		FA8997F2258C870D0000FFE3 /* LoginViewController.swift in Sources */ = {isa = PBXBuildFile; fileRef = FA8997F1258C870D0000FFE3 /* LoginViewController.swift */; };
		FA8997FE258C878D0000FFE3 /* HouseInfoViewController.swift in Sources */ = {isa = PBXBuildFile; fileRef = FA8997FD258C878D0000FFE3 /* HouseInfoViewController.swift */; };
		FA899809258C88090000FFE3 /* ExercisesCollectionViewController.swift in Sources */ = {isa = PBXBuildFile; fileRef = FA899808258C88090000FFE3 /* ExercisesCollectionViewController.swift */; };
		FA899811258C882A0000FFE3 /* ExerciseDetailsViewController.swift in Sources */ = {isa = PBXBuildFile; fileRef = FA899810258C882A0000FFE3 /* ExerciseDetailsViewController.swift */; };
		FA899816258C88670000FFE3 /* MascotViewController.swift in Sources */ = {isa = PBXBuildFile; fileRef = FA899815258C88670000FFE3 /* MascotViewController.swift */; };
		FA89981C258C88CE0000FFE3 /* RankingViewController.swift in Sources */ = {isa = PBXBuildFile; fileRef = FA89981B258C88CE0000FFE3 /* RankingViewController.swift */; };
/* End PBXBuildFile section */

/* Begin PBXContainerItemProxy section */
		B1C61859257D12A200DD9FC5 /* PBXContainerItemProxy */ = {
			isa = PBXContainerItemProxy;
			containerPortal = B1C6183A257D12A000DD9FC5 /* Project object */;
			proxyType = 1;
			remoteGlobalIDString = B1C61841257D12A000DD9FC5;
			remoteInfo = "SSTayactive 2";
		};
		B1C61864257D12A200DD9FC5 /* PBXContainerItemProxy */ = {
			isa = PBXContainerItemProxy;
			containerPortal = B1C6183A257D12A000DD9FC5 /* Project object */;
			proxyType = 1;
			remoteGlobalIDString = B1C61841257D12A000DD9FC5;
			remoteInfo = "SSTayactive 2";
		};
/* End PBXContainerItemProxy section */

/* Begin PBXFileReference section */
		005F283178E27FA113D93FC6 /* Pods-SSTayactive 2-SSTayactive 2UITests.debug.xcconfig */ = {isa = PBXFileReference; includeInIndex = 1; lastKnownFileType = text.xcconfig; name = "Pods-SSTayactive 2-SSTayactive 2UITests.debug.xcconfig"; path = "Target Support Files/Pods-SSTayactive 2-SSTayactive 2UITests/Pods-SSTayactive 2-SSTayactive 2UITests.debug.xcconfig"; sourceTree = "<group>"; };
		09D0A568252519F385D9745A /* Pods-SSTayactive 2Tests.debug.xcconfig */ = {isa = PBXFileReference; includeInIndex = 1; lastKnownFileType = text.xcconfig; name = "Pods-SSTayactive 2Tests.debug.xcconfig"; path = "Target Support Files/Pods-SSTayactive 2Tests/Pods-SSTayactive 2Tests.debug.xcconfig"; sourceTree = "<group>"; };
		32A1CFAED0547CC0DB369F3F /* Pods_SSTayactive_2Tests.framework */ = {isa = PBXFileReference; explicitFileType = wrapper.framework; includeInIndex = 0; path = Pods_SSTayactive_2Tests.framework; sourceTree = BUILT_PRODUCTS_DIR; };
		369D5546A1E9F00F18388A5C /* Pods-SSTayactive 2Tests.release.xcconfig */ = {isa = PBXFileReference; includeInIndex = 1; lastKnownFileType = text.xcconfig; name = "Pods-SSTayactive 2Tests.release.xcconfig"; path = "Target Support Files/Pods-SSTayactive 2Tests/Pods-SSTayactive 2Tests.release.xcconfig"; sourceTree = "<group>"; };
		95953BE0078448A95A4E71C4 /* Pods-SSTayactive 2.release.xcconfig */ = {isa = PBXFileReference; includeInIndex = 1; lastKnownFileType = text.xcconfig; name = "Pods-SSTayactive 2.release.xcconfig"; path = "Target Support Files/Pods-SSTayactive 2/Pods-SSTayactive 2.release.xcconfig"; sourceTree = "<group>"; };
		A35B721949EBAC08557E7323 /* Pods_SSTayactive_2.framework */ = {isa = PBXFileReference; explicitFileType = wrapper.framework; includeInIndex = 0; path = Pods_SSTayactive_2.framework; sourceTree = BUILT_PRODUCTS_DIR; };
		B128A14625820123007DE921 /* WalkerViewController.swift */ = {isa = PBXFileReference; lastKnownFileType = sourcecode.swift; path = WalkerViewController.swift; sourceTree = "<group>"; };
		B1BF71F5257E170D0034E715 /* ShopViewController.swift */ = {isa = PBXFileReference; lastKnownFileType = sourcecode.swift; path = ShopViewController.swift; sourceTree = "<group>"; };
		B1BF71FA257E1AAE0034E715 /* InventoryViewController.swift */ = {isa = PBXFileReference; lastKnownFileType = sourcecode.swift; path = InventoryViewController.swift; sourceTree = "<group>"; };
		B1BF71FE257E35750034E715 /* ProfileViewController.swift */ = {isa = PBXFileReference; lastKnownFileType = sourcecode.swift; path = ProfileViewController.swift; sourceTree = "<group>"; };
		B1C61842257D12A000DD9FC5 /* SSTayactive 2.app */ = {isa = PBXFileReference; explicitFileType = wrapper.application; includeInIndex = 0; path = "SSTayactive 2.app"; sourceTree = BUILT_PRODUCTS_DIR; };
		B1C61845257D12A000DD9FC5 /* AppDelegate.swift */ = {isa = PBXFileReference; lastKnownFileType = sourcecode.swift; path = AppDelegate.swift; sourceTree = "<group>"; };
		B1C61847257D12A000DD9FC5 /* SceneDelegate.swift */ = {isa = PBXFileReference; lastKnownFileType = sourcecode.swift; path = SceneDelegate.swift; sourceTree = "<group>"; };
		B1C61849257D12A000DD9FC5 /* ViewController.swift */ = {isa = PBXFileReference; lastKnownFileType = sourcecode.swift; path = ViewController.swift; sourceTree = "<group>"; };
		B1C6184C257D12A000DD9FC5 /* Base */ = {isa = PBXFileReference; lastKnownFileType = file.storyboard; name = Base; path = Base.lproj/Main.storyboard; sourceTree = "<group>"; };
		B1C6184E257D12A200DD9FC5 /* Assets.xcassets */ = {isa = PBXFileReference; lastKnownFileType = folder.assetcatalog; path = Assets.xcassets; sourceTree = "<group>"; };
		B1C61851257D12A200DD9FC5 /* Base */ = {isa = PBXFileReference; lastKnownFileType = file.storyboard; name = Base; path = Base.lproj/LaunchScreen.storyboard; sourceTree = "<group>"; };
		B1C61853257D12A200DD9FC5 /* Info.plist */ = {isa = PBXFileReference; lastKnownFileType = text.plist.xml; path = Info.plist; sourceTree = "<group>"; };
		B1C61858257D12A200DD9FC5 /* SSTayactive 2Tests.xctest */ = {isa = PBXFileReference; explicitFileType = wrapper.cfbundle; includeInIndex = 0; path = "SSTayactive 2Tests.xctest"; sourceTree = BUILT_PRODUCTS_DIR; };
		B1C6185C257D12A200DD9FC5 /* SSTayactive_2Tests.swift */ = {isa = PBXFileReference; lastKnownFileType = sourcecode.swift; path = SSTayactive_2Tests.swift; sourceTree = "<group>"; };
		B1C6185E257D12A200DD9FC5 /* Info.plist */ = {isa = PBXFileReference; lastKnownFileType = text.plist.xml; path = Info.plist; sourceTree = "<group>"; };
		B1C61863257D12A200DD9FC5 /* SSTayactive 2UITests.xctest */ = {isa = PBXFileReference; explicitFileType = wrapper.cfbundle; includeInIndex = 0; path = "SSTayactive 2UITests.xctest"; sourceTree = BUILT_PRODUCTS_DIR; };
		B1C61867257D12A200DD9FC5 /* SSTayactive_2UITests.swift */ = {isa = PBXFileReference; lastKnownFileType = sourcecode.swift; path = SSTayactive_2UITests.swift; sourceTree = "<group>"; };
		B1C61869257D12A200DD9FC5 /* Info.plist */ = {isa = PBXFileReference; lastKnownFileType = text.plist.xml; path = Info.plist; sourceTree = "<group>"; };
		B1C61875257D16A200DD9FC5 /* ContentpageViewController.swift */ = {isa = PBXFileReference; lastKnownFileType = sourcecode.swift; path = ContentpageViewController.swift; sourceTree = "<group>"; };
		B1C61877257D173600DD9FC5 /* PasswordViewController.swift */ = {isa = PBXFileReference; lastKnownFileType = sourcecode.swift; path = PasswordViewController.swift; sourceTree = "<group>"; };
		B1C6187B257D18A700DD9FC5 /* Data.swift */ = {isa = PBXFileReference; lastKnownFileType = sourcecode.swift; path = Data.swift; sourceTree = "<group>"; };
		B1C6187D257D1B6D00DD9FC5 /* ShakerViewController.swift */ = {isa = PBXFileReference; lastKnownFileType = sourcecode.swift; path = ShakerViewController.swift; sourceTree = "<group>"; };
		D9779A2A393BFC4F2421DDB1 /* Pods_SSTayactive_2_SSTayactive_2UITests.framework */ = {isa = PBXFileReference; explicitFileType = wrapper.framework; includeInIndex = 0; path = Pods_SSTayactive_2_SSTayactive_2UITests.framework; sourceTree = BUILT_PRODUCTS_DIR; };
		ECB82E02B2CA563ED70007E4 /* Pods-SSTayactive 2-SSTayactive 2UITests.release.xcconfig */ = {isa = PBXFileReference; includeInIndex = 1; lastKnownFileType = text.xcconfig; name = "Pods-SSTayactive 2-SSTayactive 2UITests.release.xcconfig"; path = "Target Support Files/Pods-SSTayactive 2-SSTayactive 2UITests/Pods-SSTayactive 2-SSTayactive 2UITests.release.xcconfig"; sourceTree = "<group>"; };
		F20B6D5C733F57E3DC498FA8 /* Pods-SSTayactive 2.debug.xcconfig */ = {isa = PBXFileReference; includeInIndex = 1; lastKnownFileType = text.xcconfig; name = "Pods-SSTayactive 2.debug.xcconfig"; path = "Target Support Files/Pods-SSTayactive 2/Pods-SSTayactive 2.debug.xcconfig"; sourceTree = "<group>"; };
		FA886FBF25C4FD790041142F /* GoogleService-Info.plist */ = {isa = PBXFileReference; lastKnownFileType = text.plist; path = "GoogleService-Info.plist"; sourceTree = SOURCE_ROOT; };
		FA8997F1258C870D0000FFE3 /* LoginViewController.swift */ = {isa = PBXFileReference; lastKnownFileType = sourcecode.swift; path = LoginViewController.swift; sourceTree = "<group>"; };
		FA8997FD258C878D0000FFE3 /* HouseInfoViewController.swift */ = {isa = PBXFileReference; lastKnownFileType = sourcecode.swift; path = HouseInfoViewController.swift; sourceTree = "<group>"; };
		FA899808258C88090000FFE3 /* ExercisesCollectionViewController.swift */ = {isa = PBXFileReference; lastKnownFileType = sourcecode.swift; path = ExercisesCollectionViewController.swift; sourceTree = "<group>"; };
		FA899810258C882A0000FFE3 /* ExerciseDetailsViewController.swift */ = {isa = PBXFileReference; lastKnownFileType = sourcecode.swift; path = ExerciseDetailsViewController.swift; sourceTree = "<group>"; };
		FA899815258C88670000FFE3 /* MascotViewController.swift */ = {isa = PBXFileReference; lastKnownFileType = sourcecode.swift; path = MascotViewController.swift; sourceTree = "<group>"; };
		FA89981B258C88CE0000FFE3 /* RankingViewController.swift */ = {isa = PBXFileReference; lastKnownFileType = sourcecode.swift; path = RankingViewController.swift; sourceTree = "<group>"; };
/* End PBXFileReference section */

/* Begin PBXFrameworksBuildPhase section */
		B1C6183F257D12A000DD9FC5 /* Frameworks */ = {
			isa = PBXFrameworksBuildPhase;
			buildActionMask = 2147483647;
			files = (
				69FE0466156E6080CFBF7635 /* Pods_SSTayactive_2.framework in Frameworks */,
			);
			runOnlyForDeploymentPostprocessing = 0;
		};
		B1C61855257D12A200DD9FC5 /* Frameworks */ = {
			isa = PBXFrameworksBuildPhase;
			buildActionMask = 2147483647;
			files = (
				87E5E2FFE6C66AB1CFC169B6 /* Pods_SSTayactive_2Tests.framework in Frameworks */,
			);
			runOnlyForDeploymentPostprocessing = 0;
		};
		B1C61860257D12A200DD9FC5 /* Frameworks */ = {
			isa = PBXFrameworksBuildPhase;
			buildActionMask = 2147483647;
			files = (
				85BDA945AA219E2461888D5B /* Pods_SSTayactive_2_SSTayactive_2UITests.framework in Frameworks */,
			);
			runOnlyForDeploymentPostprocessing = 0;
		};
/* End PBXFrameworksBuildPhase section */

/* Begin PBXGroup section */
		499A0D57B7216CA0F25583C9 /* Pods */ = {
			isa = PBXGroup;
			children = (
				F20B6D5C733F57E3DC498FA8 /* Pods-SSTayactive 2.debug.xcconfig */,
				95953BE0078448A95A4E71C4 /* Pods-SSTayactive 2.release.xcconfig */,
				005F283178E27FA113D93FC6 /* Pods-SSTayactive 2-SSTayactive 2UITests.debug.xcconfig */,
				ECB82E02B2CA563ED70007E4 /* Pods-SSTayactive 2-SSTayactive 2UITests.release.xcconfig */,
				09D0A568252519F385D9745A /* Pods-SSTayactive 2Tests.debug.xcconfig */,
				369D5546A1E9F00F18388A5C /* Pods-SSTayactive 2Tests.release.xcconfig */,
			);
			path = Pods;
			sourceTree = "<group>";
		};
		57BF358AA70A6666984BA8C0 /* Frameworks */ = {
			isa = PBXGroup;
			children = (
				A35B721949EBAC08557E7323 /* Pods_SSTayactive_2.framework */,
				D9779A2A393BFC4F2421DDB1 /* Pods_SSTayactive_2_SSTayactive_2UITests.framework */,
				32A1CFAED0547CC0DB369F3F /* Pods_SSTayactive_2Tests.framework */,
			);
			name = Frameworks;
			sourceTree = "<group>";
		};
		B1C61839257D12A000DD9FC5 = {
			isa = PBXGroup;
			children = (
				B1C6187B257D18A700DD9FC5 /* Data.swift */,
				B1C61844257D12A000DD9FC5 /* SSTayactive 2 */,
				B1C6185B257D12A200DD9FC5 /* SSTayactive 2Tests */,
				B1C61866257D12A200DD9FC5 /* SSTayactive 2UITests */,
				B1C61843257D12A000DD9FC5 /* Products */,
				499A0D57B7216CA0F25583C9 /* Pods */,
				57BF358AA70A6666984BA8C0 /* Frameworks */,
			);
			sourceTree = "<group>";
		};
		B1C61843257D12A000DD9FC5 /* Products */ = {
			isa = PBXGroup;
			children = (
				B1C61842257D12A000DD9FC5 /* SSTayactive 2.app */,
				B1C61858257D12A200DD9FC5 /* SSTayactive 2Tests.xctest */,
				B1C61863257D12A200DD9FC5 /* SSTayactive 2UITests.xctest */,
			);
			name = Products;
			sourceTree = "<group>";
		};
		B1C61844257D12A000DD9FC5 /* SSTayactive 2 */ = {
			isa = PBXGroup;
			children = (
				B1C61845257D12A000DD9FC5 /* AppDelegate.swift */,
				B1C61847257D12A000DD9FC5 /* SceneDelegate.swift */,
				B1C61850257D12A200DD9FC5 /* LaunchScreen.storyboard */,
				B1C6184B257D12A000DD9FC5 /* Main.storyboard */,
				B1C6184E257D12A200DD9FC5 /* Assets.xcassets */,
				FA899827258C89260000FFE3 /* OldViews */,
				FA8997F0258C86FB0000FFE3 /* LoginScreens */,
				FA899823258C88D20000FFE3 /* RankingScreens */,
				FA89981A258C886B0000FFE3 /* MascotScreens */,
				FA899807258C87DE0000FFE3 /* ExercisesScreens */,
				FA8997FC258C875C0000FFE3 /* HouseInfoScreens */,
				FA899806258C87AB0000FFE3 /* ProfileScreens */,
				B1C61853257D12A200DD9FC5 /* Info.plist */,
				FA886FBF25C4FD790041142F /* GoogleService-Info.plist */,
			);
			path = "SSTayactive 2";
			sourceTree = "<group>";
		};
		B1C6185B257D12A200DD9FC5 /* SSTayactive 2Tests */ = {
			isa = PBXGroup;
			children = (
				B1C6185C257D12A200DD9FC5 /* SSTayactive_2Tests.swift */,
				B1C6185E257D12A200DD9FC5 /* Info.plist */,
			);
			path = "SSTayactive 2Tests";
			sourceTree = "<group>";
		};
		B1C61866257D12A200DD9FC5 /* SSTayactive 2UITests */ = {
			isa = PBXGroup;
			children = (
				B1C61867257D12A200DD9FC5 /* SSTayactive_2UITests.swift */,
				B1C61869257D12A200DD9FC5 /* Info.plist */,
			);
			path = "SSTayactive 2UITests";
			sourceTree = "<group>";
		};
		FA8997F0258C86FB0000FFE3 /* LoginScreens */ = {
			isa = PBXGroup;
			children = (
				FA8997F1258C870D0000FFE3 /* LoginViewController.swift */,
				B1C61877257D173600DD9FC5 /* PasswordViewController.swift */,
			);
			path = LoginScreens;
			sourceTree = "<group>";
		};
		FA8997FC258C875C0000FFE3 /* HouseInfoScreens */ = {
			isa = PBXGroup;
			children = (
				FA8997FD258C878D0000FFE3 /* HouseInfoViewController.swift */,
			);
			path = HouseInfoScreens;
			sourceTree = "<group>";
		};
		FA899806258C87AB0000FFE3 /* ProfileScreens */ = {
			isa = PBXGroup;
			children = (
				B1BF71FE257E35750034E715 /* ProfileViewController.swift */,
			);
			path = ProfileScreens;
			sourceTree = "<group>";
		};
		FA899807258C87DE0000FFE3 /* ExercisesScreens */ = {
			isa = PBXGroup;
			children = (
				FA899810258C882A0000FFE3 /* ExerciseDetailsViewController.swift */,
				FA899808258C88090000FFE3 /* ExercisesCollectionViewController.swift */,
			);
			path = ExercisesScreens;
			sourceTree = "<group>";
		};
		FA89981A258C886B0000FFE3 /* MascotScreens */ = {
			isa = PBXGroup;
			children = (
				FA899815258C88670000FFE3 /* MascotViewController.swift */,
			);
			path = MascotScreens;
			sourceTree = "<group>";
		};
		FA899823258C88D20000FFE3 /* RankingScreens */ = {
			isa = PBXGroup;
			children = (
				FA89981B258C88CE0000FFE3 /* RankingViewController.swift */,
			);
			path = RankingScreens;
			sourceTree = "<group>";
		};
		FA899827258C89260000FFE3 /* OldViews */ = {
			isa = PBXGroup;
			children = (
				B1C61849257D12A000DD9FC5 /* ViewController.swift */,
				B128A14625820123007DE921 /* WalkerViewController.swift */,
				B1BF71FA257E1AAE0034E715 /* InventoryViewController.swift */,
				B1BF71F5257E170D0034E715 /* ShopViewController.swift */,
				B1C6187D257D1B6D00DD9FC5 /* ShakerViewController.swift */,
				B1C61875257D16A200DD9FC5 /* ContentpageViewController.swift */,
			);
			path = OldViews;
			sourceTree = "<group>";
		};
/* End PBXGroup section */

/* Begin PBXNativeTarget section */
		B1C61841257D12A000DD9FC5 /* SSTayactive 2 */ = {
			isa = PBXNativeTarget;
			buildConfigurationList = B1C6186C257D12A200DD9FC5 /* Build configuration list for PBXNativeTarget "SSTayactive 2" */;
			buildPhases = (
				7F9E81EB0FDAF905CF4A99B8 /* [CP] Check Pods Manifest.lock */,
				B1C6183E257D12A000DD9FC5 /* Sources */,
				B1C6183F257D12A000DD9FC5 /* Frameworks */,
				B1C61840257D12A000DD9FC5 /* Resources */,
				37337955DF0FB40985D64028 /* [CP] Embed Pods Frameworks */,
			);
			buildRules = (
			);
			dependencies = (
			);
			name = "SSTayactive 2";
			productName = "SSTayactive 2";
			productReference = B1C61842257D12A000DD9FC5 /* SSTayactive 2.app */;
			productType = "com.apple.product-type.application";
		};
		B1C61857257D12A200DD9FC5 /* SSTayactive 2Tests */ = {
			isa = PBXNativeTarget;
			buildConfigurationList = B1C6186F257D12A200DD9FC5 /* Build configuration list for PBXNativeTarget "SSTayactive 2Tests" */;
			buildPhases = (
				6AFFFBB6A4B5711E44C932E7 /* [CP] Check Pods Manifest.lock */,
				B1C61854257D12A200DD9FC5 /* Sources */,
				B1C61855257D12A200DD9FC5 /* Frameworks */,
				B1C61856257D12A200DD9FC5 /* Resources */,
			);
			buildRules = (
			);
			dependencies = (
				B1C6185A257D12A200DD9FC5 /* PBXTargetDependency */,
			);
			name = "SSTayactive 2Tests";
			productName = "SSTayactive 2Tests";
			productReference = B1C61858257D12A200DD9FC5 /* SSTayactive 2Tests.xctest */;
			productType = "com.apple.product-type.bundle.unit-test";
		};
		B1C61862257D12A200DD9FC5 /* SSTayactive 2UITests */ = {
			isa = PBXNativeTarget;
			buildConfigurationList = B1C61872257D12A200DD9FC5 /* Build configuration list for PBXNativeTarget "SSTayactive 2UITests" */;
			buildPhases = (
				FAB3E9A0BB0A387E9A00952B /* [CP] Check Pods Manifest.lock */,
				B1C6185F257D12A200DD9FC5 /* Sources */,
				B1C61860257D12A200DD9FC5 /* Frameworks */,
				B1C61861257D12A200DD9FC5 /* Resources */,
				011F62FD651EB1B0A0FCC348 /* [CP] Embed Pods Frameworks */,
			);
			buildRules = (
			);
			dependencies = (
				B1C61865257D12A200DD9FC5 /* PBXTargetDependency */,
			);
			name = "SSTayactive 2UITests";
			productName = "SSTayactive 2UITests";
			productReference = B1C61863257D12A200DD9FC5 /* SSTayactive 2UITests.xctest */;
			productType = "com.apple.product-type.bundle.ui-testing";
		};
/* End PBXNativeTarget section */

/* Begin PBXProject section */
		B1C6183A257D12A000DD9FC5 /* Project object */ = {
			isa = PBXProject;
			attributes = {
				LastSwiftUpdateCheck = 1130;
				LastUpgradeCheck = 1130;
				ORGANIZATIONNAME = "Electron Inc";
				TargetAttributes = {
					B1C61841257D12A000DD9FC5 = {
						CreatedOnToolsVersion = 11.3.1;
					};
					B1C61857257D12A200DD9FC5 = {
						CreatedOnToolsVersion = 11.3.1;
						TestTargetID = B1C61841257D12A000DD9FC5;
					};
					B1C61862257D12A200DD9FC5 = {
						CreatedOnToolsVersion = 11.3.1;
						TestTargetID = B1C61841257D12A000DD9FC5;
					};
				};
			};
			buildConfigurationList = B1C6183D257D12A000DD9FC5 /* Build configuration list for PBXProject "SSTayactive 2" */;
			compatibilityVersion = "Xcode 9.3";
			developmentRegion = en;
			hasScannedForEncodings = 0;
			knownRegions = (
				en,
				Base,
			);
			mainGroup = B1C61839257D12A000DD9FC5;
			productRefGroup = B1C61843257D12A000DD9FC5 /* Products */;
			projectDirPath = "";
			projectRoot = "";
			targets = (
				B1C61841257D12A000DD9FC5 /* SSTayactive 2 */,
				B1C61857257D12A200DD9FC5 /* SSTayactive 2Tests */,
				B1C61862257D12A200DD9FC5 /* SSTayactive 2UITests */,
			);
		};
/* End PBXProject section */

/* Begin PBXResourcesBuildPhase section */
		B1C61840257D12A000DD9FC5 /* Resources */ = {
			isa = PBXResourcesBuildPhase;
			buildActionMask = 2147483647;
			files = (
				B1C61852257D12A200DD9FC5 /* LaunchScreen.storyboard in Resources */,
				FA886FC025C4FD790041142F /* GoogleService-Info.plist in Resources */,
				B1C6184F257D12A200DD9FC5 /* Assets.xcassets in Resources */,
				B1C6184D257D12A000DD9FC5 /* Main.storyboard in Resources */,
			);
			runOnlyForDeploymentPostprocessing = 0;
		};
		B1C61856257D12A200DD9FC5 /* Resources */ = {
			isa = PBXResourcesBuildPhase;
			buildActionMask = 2147483647;
			files = (
			);
			runOnlyForDeploymentPostprocessing = 0;
		};
		B1C61861257D12A200DD9FC5 /* Resources */ = {
			isa = PBXResourcesBuildPhase;
			buildActionMask = 2147483647;
			files = (
			);
			runOnlyForDeploymentPostprocessing = 0;
		};
/* End PBXResourcesBuildPhase section */

/* Begin PBXShellScriptBuildPhase section */
		011F62FD651EB1B0A0FCC348 /* [CP] Embed Pods Frameworks */ = {
			isa = PBXShellScriptBuildPhase;
			buildActionMask = 2147483647;
			files = (
			);
			inputFileListPaths = (
				"${PODS_ROOT}/Target Support Files/Pods-SSTayactive 2-SSTayactive 2UITests/Pods-SSTayactive 2-SSTayactive 2UITests-frameworks-${CONFIGURATION}-input-files.xcfilelist",
			);
			name = "[CP] Embed Pods Frameworks";
			outputFileListPaths = (
				"${PODS_ROOT}/Target Support Files/Pods-SSTayactive 2-SSTayactive 2UITests/Pods-SSTayactive 2-SSTayactive 2UITests-frameworks-${CONFIGURATION}-output-files.xcfilelist",
			);
			runOnlyForDeploymentPostprocessing = 0;
			shellPath = /bin/sh;
			shellScript = "\"${PODS_ROOT}/Target Support Files/Pods-SSTayactive 2-SSTayactive 2UITests/Pods-SSTayactive 2-SSTayactive 2UITests-frameworks.sh\"\n";
			showEnvVarsInLog = 0;
		};
		37337955DF0FB40985D64028 /* [CP] Embed Pods Frameworks */ = {
			isa = PBXShellScriptBuildPhase;
			buildActionMask = 2147483647;
			files = (
			);
			inputFileListPaths = (
				"${PODS_ROOT}/Target Support Files/Pods-SSTayactive 2/Pods-SSTayactive 2-frameworks-${CONFIGURATION}-input-files.xcfilelist",
			);
			name = "[CP] Embed Pods Frameworks";
			outputFileListPaths = (
				"${PODS_ROOT}/Target Support Files/Pods-SSTayactive 2/Pods-SSTayactive 2-frameworks-${CONFIGURATION}-output-files.xcfilelist",
			);
			runOnlyForDeploymentPostprocessing = 0;
			shellPath = /bin/sh;
			shellScript = "\"${PODS_ROOT}/Target Support Files/Pods-SSTayactive 2/Pods-SSTayactive 2-frameworks.sh\"\n";
			showEnvVarsInLog = 0;
		};
		6AFFFBB6A4B5711E44C932E7 /* [CP] Check Pods Manifest.lock */ = {
			isa = PBXShellScriptBuildPhase;
			buildActionMask = 2147483647;
			files = (
			);
			inputFileListPaths = (
			);
			inputPaths = (
				"${PODS_PODFILE_DIR_PATH}/Podfile.lock",
				"${PODS_ROOT}/Manifest.lock",
			);
			name = "[CP] Check Pods Manifest.lock";
			outputFileListPaths = (
			);
			outputPaths = (
				"$(DERIVED_FILE_DIR)/Pods-SSTayactive 2Tests-checkManifestLockResult.txt",
			);
			runOnlyForDeploymentPostprocessing = 0;
			shellPath = /bin/sh;
			shellScript = "diff \"${PODS_PODFILE_DIR_PATH}/Podfile.lock\" \"${PODS_ROOT}/Manifest.lock\" > /dev/null\nif [ $? != 0 ] ; then\n    # print error to STDERR\n    echo \"error: The sandbox is not in sync with the Podfile.lock. Run 'pod install' or update your CocoaPods installation.\" >&2\n    exit 1\nfi\n# This output is used by Xcode 'outputs' to avoid re-running this script phase.\necho \"SUCCESS\" > \"${SCRIPT_OUTPUT_FILE_0}\"\n";
			showEnvVarsInLog = 0;
		};
		7F9E81EB0FDAF905CF4A99B8 /* [CP] Check Pods Manifest.lock */ = {
			isa = PBXShellScriptBuildPhase;
			buildActionMask = 2147483647;
			files = (
			);
			inputFileListPaths = (
			);
			inputPaths = (
				"${PODS_PODFILE_DIR_PATH}/Podfile.lock",
				"${PODS_ROOT}/Manifest.lock",
			);
			name = "[CP] Check Pods Manifest.lock";
			outputFileListPaths = (
			);
			outputPaths = (
				"$(DERIVED_FILE_DIR)/Pods-SSTayactive 2-checkManifestLockResult.txt",
			);
			runOnlyForDeploymentPostprocessing = 0;
			shellPath = /bin/sh;
			shellScript = "diff \"${PODS_PODFILE_DIR_PATH}/Podfile.lock\" \"${PODS_ROOT}/Manifest.lock\" > /dev/null\nif [ $? != 0 ] ; then\n    # print error to STDERR\n    echo \"error: The sandbox is not in sync with the Podfile.lock. Run 'pod install' or update your CocoaPods installation.\" >&2\n    exit 1\nfi\n# This output is used by Xcode 'outputs' to avoid re-running this script phase.\necho \"SUCCESS\" > \"${SCRIPT_OUTPUT_FILE_0}\"\n";
			showEnvVarsInLog = 0;
		};
		FAB3E9A0BB0A387E9A00952B /* [CP] Check Pods Manifest.lock */ = {
			isa = PBXShellScriptBuildPhase;
			buildActionMask = 2147483647;
			files = (
			);
			inputFileListPaths = (
			);
			inputPaths = (
				"${PODS_PODFILE_DIR_PATH}/Podfile.lock",
				"${PODS_ROOT}/Manifest.lock",
			);
			name = "[CP] Check Pods Manifest.lock";
			outputFileListPaths = (
			);
			outputPaths = (
				"$(DERIVED_FILE_DIR)/Pods-SSTayactive 2-SSTayactive 2UITests-checkManifestLockResult.txt",
			);
			runOnlyForDeploymentPostprocessing = 0;
			shellPath = /bin/sh;
			shellScript = "diff \"${PODS_PODFILE_DIR_PATH}/Podfile.lock\" \"${PODS_ROOT}/Manifest.lock\" > /dev/null\nif [ $? != 0 ] ; then\n    # print error to STDERR\n    echo \"error: The sandbox is not in sync with the Podfile.lock. Run 'pod install' or update your CocoaPods installation.\" >&2\n    exit 1\nfi\n# This output is used by Xcode 'outputs' to avoid re-running this script phase.\necho \"SUCCESS\" > \"${SCRIPT_OUTPUT_FILE_0}\"\n";
			showEnvVarsInLog = 0;
		};
/* End PBXShellScriptBuildPhase section */

/* Begin PBXSourcesBuildPhase section */
		B1C6183E257D12A000DD9FC5 /* Sources */ = {
			isa = PBXSourcesBuildPhase;
			buildActionMask = 2147483647;
			files = (
				FA8997F2258C870D0000FFE3 /* LoginViewController.swift in Sources */,
				B128A14725820123007DE921 /* WalkerViewController.swift in Sources */,
				B1C6184A257D12A000DD9FC5 /* ViewController.swift in Sources */,
				FA899811258C882A0000FFE3 /* ExerciseDetailsViewController.swift in Sources */,
				B1BF71FB257E1AAE0034E715 /* InventoryViewController.swift in Sources */,
				B1BF71FF257E35750034E715 /* ProfileViewController.swift in Sources */,
				B1C6187C257D18A700DD9FC5 /* Data.swift in Sources */,
				B1C61876257D16A200DD9FC5 /* ContentpageViewController.swift in Sources */,
				B1C61878257D173600DD9FC5 /* PasswordViewController.swift in Sources */,
				B1BF71F6257E170D0034E715 /* ShopViewController.swift in Sources */,
				FA89981C258C88CE0000FFE3 /* RankingViewController.swift in Sources */,
				FA8997FE258C878D0000FFE3 /* HouseInfoViewController.swift in Sources */,
				FA899816258C88670000FFE3 /* MascotViewController.swift in Sources */,
				FA899809258C88090000FFE3 /* ExercisesCollectionViewController.swift in Sources */,
				B1C6187E257D1B6D00DD9FC5 /* ShakerViewController.swift in Sources */,
				B1C61846257D12A000DD9FC5 /* AppDelegate.swift in Sources */,
				B1C61848257D12A000DD9FC5 /* SceneDelegate.swift in Sources */,
			);
			runOnlyForDeploymentPostprocessing = 0;
		};
		B1C61854257D12A200DD9FC5 /* Sources */ = {
			isa = PBXSourcesBuildPhase;
			buildActionMask = 2147483647;
			files = (
				B1C6185D257D12A200DD9FC5 /* SSTayactive_2Tests.swift in Sources */,
			);
			runOnlyForDeploymentPostprocessing = 0;
		};
		B1C6185F257D12A200DD9FC5 /* Sources */ = {
			isa = PBXSourcesBuildPhase;
			buildActionMask = 2147483647;
			files = (
				B1C61868257D12A200DD9FC5 /* SSTayactive_2UITests.swift in Sources */,
			);
			runOnlyForDeploymentPostprocessing = 0;
		};
/* End PBXSourcesBuildPhase section */

/* Begin PBXTargetDependency section */
		B1C6185A257D12A200DD9FC5 /* PBXTargetDependency */ = {
			isa = PBXTargetDependency;
			target = B1C61841257D12A000DD9FC5 /* SSTayactive 2 */;
			targetProxy = B1C61859257D12A200DD9FC5 /* PBXContainerItemProxy */;
		};
		B1C61865257D12A200DD9FC5 /* PBXTargetDependency */ = {
			isa = PBXTargetDependency;
			target = B1C61841257D12A000DD9FC5 /* SSTayactive 2 */;
			targetProxy = B1C61864257D12A200DD9FC5 /* PBXContainerItemProxy */;
		};
/* End PBXTargetDependency section */

/* Begin PBXVariantGroup section */
		B1C6184B257D12A000DD9FC5 /* Main.storyboard */ = {
			isa = PBXVariantGroup;
			children = (
				B1C6184C257D12A000DD9FC5 /* Base */,
			);
			name = Main.storyboard;
			sourceTree = "<group>";
		};
		B1C61850257D12A200DD9FC5 /* LaunchScreen.storyboard */ = {
			isa = PBXVariantGroup;
			children = (
				B1C61851257D12A200DD9FC5 /* Base */,
			);
			name = LaunchScreen.storyboard;
			sourceTree = "<group>";
		};
/* End PBXVariantGroup section */

/* Begin XCBuildConfiguration section */
		B1C6186A257D12A200DD9FC5 /* Debug */ = {
			isa = XCBuildConfiguration;
			buildSettings = {
				ALWAYS_SEARCH_USER_PATHS = NO;
				CLANG_ANALYZER_NONNULL = YES;
				CLANG_ANALYZER_NUMBER_OBJECT_CONVERSION = YES_AGGRESSIVE;
				CLANG_CXX_LANGUAGE_STANDARD = "gnu++14";
				CLANG_CXX_LIBRARY = "libc++";
				CLANG_ENABLE_MODULES = YES;
				CLANG_ENABLE_OBJC_ARC = YES;
				CLANG_ENABLE_OBJC_WEAK = YES;
				CLANG_WARN_BLOCK_CAPTURE_AUTORELEASING = YES;
				CLANG_WARN_BOOL_CONVERSION = YES;
				CLANG_WARN_COMMA = YES;
				CLANG_WARN_CONSTANT_CONVERSION = YES;
				CLANG_WARN_DEPRECATED_OBJC_IMPLEMENTATIONS = YES;
				CLANG_WARN_DIRECT_OBJC_ISA_USAGE = YES_ERROR;
				CLANG_WARN_DOCUMENTATION_COMMENTS = YES;
				CLANG_WARN_EMPTY_BODY = YES;
				CLANG_WARN_ENUM_CONVERSION = YES;
				CLANG_WARN_INFINITE_RECURSION = YES;
				CLANG_WARN_INT_CONVERSION = YES;
				CLANG_WARN_NON_LITERAL_NULL_CONVERSION = YES;
				CLANG_WARN_OBJC_IMPLICIT_RETAIN_SELF = YES;
				CLANG_WARN_OBJC_LITERAL_CONVERSION = YES;
				CLANG_WARN_OBJC_ROOT_CLASS = YES_ERROR;
				CLANG_WARN_RANGE_LOOP_ANALYSIS = YES;
				CLANG_WARN_STRICT_PROTOTYPES = YES;
				CLANG_WARN_SUSPICIOUS_MOVE = YES;
				CLANG_WARN_UNGUARDED_AVAILABILITY = YES_AGGRESSIVE;
				CLANG_WARN_UNREACHABLE_CODE = YES;
				CLANG_WARN__DUPLICATE_METHOD_MATCH = YES;
				COPY_PHASE_STRIP = NO;
				DEBUG_INFORMATION_FORMAT = dwarf;
				ENABLE_STRICT_OBJC_MSGSEND = YES;
				ENABLE_TESTABILITY = YES;
				GCC_C_LANGUAGE_STANDARD = gnu11;
				GCC_DYNAMIC_NO_PIC = NO;
				GCC_NO_COMMON_BLOCKS = YES;
				GCC_OPTIMIZATION_LEVEL = 0;
				GCC_PREPROCESSOR_DEFINITIONS = (
					"DEBUG=1",
					"$(inherited)",
				);
				GCC_WARN_64_TO_32_BIT_CONVERSION = YES;
				GCC_WARN_ABOUT_RETURN_TYPE = YES_ERROR;
				GCC_WARN_UNDECLARED_SELECTOR = YES;
				GCC_WARN_UNINITIALIZED_AUTOS = YES_AGGRESSIVE;
				GCC_WARN_UNUSED_FUNCTION = YES;
				GCC_WARN_UNUSED_VARIABLE = YES;
				IPHONEOS_DEPLOYMENT_TARGET = 13.2;
				MTL_ENABLE_DEBUG_INFO = INCLUDE_SOURCE;
				MTL_FAST_MATH = YES;
				ONLY_ACTIVE_ARCH = YES;
				SDKROOT = iphoneos;
				SWIFT_ACTIVE_COMPILATION_CONDITIONS = DEBUG;
				SWIFT_OPTIMIZATION_LEVEL = "-Onone";
			};
			name = Debug;
		};
		B1C6186B257D12A200DD9FC5 /* Release */ = {
			isa = XCBuildConfiguration;
			buildSettings = {
				ALWAYS_SEARCH_USER_PATHS = NO;
				CLANG_ANALYZER_NONNULL = YES;
				CLANG_ANALYZER_NUMBER_OBJECT_CONVERSION = YES_AGGRESSIVE;
				CLANG_CXX_LANGUAGE_STANDARD = "gnu++14";
				CLANG_CXX_LIBRARY = "libc++";
				CLANG_ENABLE_MODULES = YES;
				CLANG_ENABLE_OBJC_ARC = YES;
				CLANG_ENABLE_OBJC_WEAK = YES;
				CLANG_WARN_BLOCK_CAPTURE_AUTORELEASING = YES;
				CLANG_WARN_BOOL_CONVERSION = YES;
				CLANG_WARN_COMMA = YES;
				CLANG_WARN_CONSTANT_CONVERSION = YES;
				CLANG_WARN_DEPRECATED_OBJC_IMPLEMENTATIONS = YES;
				CLANG_WARN_DIRECT_OBJC_ISA_USAGE = YES_ERROR;
				CLANG_WARN_DOCUMENTATION_COMMENTS = YES;
				CLANG_WARN_EMPTY_BODY = YES;
				CLANG_WARN_ENUM_CONVERSION = YES;
				CLANG_WARN_INFINITE_RECURSION = YES;
				CLANG_WARN_INT_CONVERSION = YES;
				CLANG_WARN_NON_LITERAL_NULL_CONVERSION = YES;
				CLANG_WARN_OBJC_IMPLICIT_RETAIN_SELF = YES;
				CLANG_WARN_OBJC_LITERAL_CONVERSION = YES;
				CLANG_WARN_OBJC_ROOT_CLASS = YES_ERROR;
				CLANG_WARN_RANGE_LOOP_ANALYSIS = YES;
				CLANG_WARN_STRICT_PROTOTYPES = YES;
				CLANG_WARN_SUSPICIOUS_MOVE = YES;
				CLANG_WARN_UNGUARDED_AVAILABILITY = YES_AGGRESSIVE;
				CLANG_WARN_UNREACHABLE_CODE = YES;
				CLANG_WARN__DUPLICATE_METHOD_MATCH = YES;
				COPY_PHASE_STRIP = NO;
				DEBUG_INFORMATION_FORMAT = "dwarf-with-dsym";
				ENABLE_NS_ASSERTIONS = NO;
				ENABLE_STRICT_OBJC_MSGSEND = YES;
				GCC_C_LANGUAGE_STANDARD = gnu11;
				GCC_NO_COMMON_BLOCKS = YES;
				GCC_WARN_64_TO_32_BIT_CONVERSION = YES;
				GCC_WARN_ABOUT_RETURN_TYPE = YES_ERROR;
				GCC_WARN_UNDECLARED_SELECTOR = YES;
				GCC_WARN_UNINITIALIZED_AUTOS = YES_AGGRESSIVE;
				GCC_WARN_UNUSED_FUNCTION = YES;
				GCC_WARN_UNUSED_VARIABLE = YES;
				IPHONEOS_DEPLOYMENT_TARGET = 13.2;
				MTL_ENABLE_DEBUG_INFO = NO;
				MTL_FAST_MATH = YES;
				SDKROOT = iphoneos;
				SWIFT_COMPILATION_MODE = wholemodule;
				SWIFT_OPTIMIZATION_LEVEL = "-O";
				VALIDATE_PRODUCT = YES;
			};
			name = Release;
		};
		B1C6186D257D12A200DD9FC5 /* Debug */ = {
			isa = XCBuildConfiguration;
			baseConfigurationReference = F20B6D5C733F57E3DC498FA8 /* Pods-SSTayactive 2.debug.xcconfig */;
			buildSettings = {
				ASSETCATALOG_COMPILER_APPICON_NAME = AppIcon;
				CODE_SIGN_STYLE = Automatic;
				INFOPLIST_FILE = "SSTayactive 2/Info.plist";
				LD_RUNPATH_SEARCH_PATHS = (
					"$(inherited)",
					"@executable_path/Frameworks",
				);
				PRODUCT_BUNDLE_IDENTIFIER = "ExersizePet.SSTayactive-2";
				PRODUCT_NAME = "$(TARGET_NAME)";
				SWIFT_VERSION = 5.0;
				TARGETED_DEVICE_FAMILY = "1,2";
			};
			name = Debug;
		};
		B1C6186E257D12A200DD9FC5 /* Release */ = {
			isa = XCBuildConfiguration;
			baseConfigurationReference = 95953BE0078448A95A4E71C4 /* Pods-SSTayactive 2.release.xcconfig */;
			buildSettings = {
				ASSETCATALOG_COMPILER_APPICON_NAME = AppIcon;
				CODE_SIGN_STYLE = Automatic;
				INFOPLIST_FILE = "SSTayactive 2/Info.plist";
				LD_RUNPATH_SEARCH_PATHS = (
					"$(inherited)",
					"@executable_path/Frameworks",
				);
				PRODUCT_BUNDLE_IDENTIFIER = "ExersizePet.SSTayactive-2";
				PRODUCT_NAME = "$(TARGET_NAME)";
				SWIFT_VERSION = 5.0;
				TARGETED_DEVICE_FAMILY = "1,2";
			};
			name = Release;
		};
		B1C61870257D12A200DD9FC5 /* Debug */ = {
			isa = XCBuildConfiguration;
			baseConfigurationReference = 09D0A568252519F385D9745A /* Pods-SSTayactive 2Tests.debug.xcconfig */;
			buildSettings = {
				ALWAYS_EMBED_SWIFT_STANDARD_LIBRARIES = YES;
				BUNDLE_LOADER = "$(TEST_HOST)";
				CODE_SIGN_STYLE = Automatic;
				INFOPLIST_FILE = "SSTayactive 2Tests/Info.plist";
				IPHONEOS_DEPLOYMENT_TARGET = 13.2;
				LD_RUNPATH_SEARCH_PATHS = (
					"$(inherited)",
					"@executable_path/Frameworks",
					"@loader_path/Frameworks",
				);
				PRODUCT_BUNDLE_IDENTIFIER = "ExersizePet.SSTayactive-2Tests";
				PRODUCT_NAME = "$(TARGET_NAME)";
				SWIFT_VERSION = 5.0;
				TARGETED_DEVICE_FAMILY = "1,2";
				TEST_HOST = "$(BUILT_PRODUCTS_DIR)/SSTayactive 2.app/SSTayactive 2";
			};
			name = Debug;
		};
		B1C61871257D12A200DD9FC5 /* Release */ = {
			isa = XCBuildConfiguration;
			baseConfigurationReference = 369D5546A1E9F00F18388A5C /* Pods-SSTayactive 2Tests.release.xcconfig */;
			buildSettings = {
				ALWAYS_EMBED_SWIFT_STANDARD_LIBRARIES = YES;
				BUNDLE_LOADER = "$(TEST_HOST)";
				CODE_SIGN_STYLE = Automatic;
				INFOPLIST_FILE = "SSTayactive 2Tests/Info.plist";
				IPHONEOS_DEPLOYMENT_TARGET = 13.2;
				LD_RUNPATH_SEARCH_PATHS = (
					"$(inherited)",
					"@executable_path/Frameworks",
					"@loader_path/Frameworks",
				);
				PRODUCT_BUNDLE_IDENTIFIER = "ExersizePet.SSTayactive-2Tests";
				PRODUCT_NAME = "$(TARGET_NAME)";
				SWIFT_VERSION = 5.0;
				TARGETED_DEVICE_FAMILY = "1,2";
				TEST_HOST = "$(BUILT_PRODUCTS_DIR)/SSTayactive 2.app/SSTayactive 2";
			};
			name = Release;
		};
		B1C61873257D12A200DD9FC5 /* Debug */ = {
			isa = XCBuildConfiguration;
			baseConfigurationReference = 005F283178E27FA113D93FC6 /* Pods-SSTayactive 2-SSTayactive 2UITests.debug.xcconfig */;
			buildSettings = {
				ALWAYS_EMBED_SWIFT_STANDARD_LIBRARIES = YES;
				CODE_SIGN_STYLE = Automatic;
				INFOPLIST_FILE = "SSTayactive 2UITests/Info.plist";
				LD_RUNPATH_SEARCH_PATHS = (
					"$(inherited)",
					"@executable_path/Frameworks",
					"@loader_path/Frameworks",
				);
				PRODUCT_BUNDLE_IDENTIFIER = "ExersizePet.SSTayactive-2UITests";
				PRODUCT_NAME = "$(TARGET_NAME)";
				SWIFT_VERSION = 5.0;
				TARGETED_DEVICE_FAMILY = "1,2";
				TEST_TARGET_NAME = "SSTayactive 2";
			};
			name = Debug;
		};
		B1C61874257D12A200DD9FC5 /* Release */ = {
			isa = XCBuildConfiguration;
			baseConfigurationReference = ECB82E02B2CA563ED70007E4 /* Pods-SSTayactive 2-SSTayactive 2UITests.release.xcconfig */;
			buildSettings = {
				ALWAYS_EMBED_SWIFT_STANDARD_LIBRARIES = YES;
				CODE_SIGN_STYLE = Automatic;
				INFOPLIST_FILE = "SSTayactive 2UITests/Info.plist";
				LD_RUNPATH_SEARCH_PATHS = (
					"$(inherited)",
					"@executable_path/Frameworks",
					"@loader_path/Frameworks",
				);
				PRODUCT_BUNDLE_IDENTIFIER = "ExersizePet.SSTayactive-2UITests";
				PRODUCT_NAME = "$(TARGET_NAME)";
				SWIFT_VERSION = 5.0;
				TARGETED_DEVICE_FAMILY = "1,2";
				TEST_TARGET_NAME = "SSTayactive 2";
			};
			name = Release;
		};
/* End XCBuildConfiguration section */

/* Begin XCConfigurationList section */
		B1C6183D257D12A000DD9FC5 /* Build configuration list for PBXProject "SSTayactive 2" */ = {
			isa = XCConfigurationList;
			buildConfigurations = (
				B1C6186A257D12A200DD9FC5 /* Debug */,
				B1C6186B257D12A200DD9FC5 /* Release */,
			);
			defaultConfigurationIsVisible = 0;
			defaultConfigurationName = Release;
		};
		B1C6186C257D12A200DD9FC5 /* Build configuration list for PBXNativeTarget "SSTayactive 2" */ = {
			isa = XCConfigurationList;
			buildConfigurations = (
				B1C6186D257D12A200DD9FC5 /* Debug */,
				B1C6186E257D12A200DD9FC5 /* Release */,
			);
			defaultConfigurationIsVisible = 0;
			defaultConfigurationName = Release;
		};
		B1C6186F257D12A200DD9FC5 /* Build configuration list for PBXNativeTarget "SSTayactive 2Tests" */ = {
			isa = XCConfigurationList;
			buildConfigurations = (
				B1C61870257D12A200DD9FC5 /* Debug */,
				B1C61871257D12A200DD9FC5 /* Release */,
			);
			defaultConfigurationIsVisible = 0;
			defaultConfigurationName = Release;
		};
		B1C61872257D12A200DD9FC5 /* Build configuration list for PBXNativeTarget "SSTayactive 2UITests" */ = {
			isa = XCConfigurationList;
			buildConfigurations = (
				B1C61873257D12A200DD9FC5 /* Debug */,
				B1C61874257D12A200DD9FC5 /* Release */,
			);
			defaultConfigurationIsVisible = 0;
			defaultConfigurationName = Release;
		};
/* End XCConfigurationList section */
	};
	rootObject = B1C6183A257D12A000DD9FC5 /* Project object */;
}
